
Microsoft Visual Studio Solution File, Format Version 12.00
# Visual Studio Version 17
VisualStudioVersion = 17.3.32804.467
MinimumVisualStudioVersion = 10.0.40219.1
Project("{FAE04EC0-301F-11D3-BF4B-00C04F79EFBC}") = "WebPiplelineCityHuntTest", "WebPiplelineCityHuntTest\WebPiplelineCityHuntTest.csproj", "{73489545-28C5-4021-B45B-67685DA4D2F6}"
EndProject
Global
	GlobalSection(SolutionConfigurationPlatforms) = preSolution
		Debug|Any CPU = Debug|Any CPU
		Release|Any CPU = Release|Any CPU
	EndGlobalSection
	GlobalSection(ProjectConfigurationPlatforms) = postSolution
		{73489545-28C5-4021-B45B-67685DA4D2F6}.Debug|Any CPU.ActiveCfg = Debug|Any CPU
		{73489545-28C5-4021-B45B-67685DA4D2F6}.Debug|Any CPU.Build.0 = Debug|Any CPU
		{73489545-28C5-4021-B45B-67685DA4D2F6}.Release|Any CPU.ActiveCfg = Release|Any CPU
		{73489545-28C5-4021-B45B-67685DA4D2F6}.Release|Any CPU.Build.0 = Release|Any CPU
	EndGlobalSection
	GlobalSection(SolutionProperties) = preSolution
		HideSolutionNode = FALSE
	EndGlobalSection
	GlobalSection(ExtensibilityGlobals) = postSolution
		SolutionGuid = {320F2C29-4518-4FDE-8967-4CDDBA7045AA}
	EndGlobalSection
EndGlobal
